
Microsoft Visual Studio Solution File, Format Version 12.00
# Visual Studio 14
VisualStudioVersion = 14.0.25420.1
MinimumVisualStudioVersion = 10.0.40219.1
Project("{FAE04EC0-301F-11D3-BF4B-00C04F79EFBC}") = "AopIntercept", "SimpleAop\AopIntercept.csproj", "{9AA2DCC8-3EE1-4158-8032-9A9D600C9A33}"
EndProject
Project("{FAE04EC0-301F-11D3-BF4B-00C04F79EFBC}") = "AopTest", "AopTest\AopTest.csproj", "{E6F683B4-CEAA-4342-9B62-2ECA005927F8}"
EndProject
Global
	GlobalSection(SolutionConfigurationPlatforms) = preSolution
		Debug|Any CPU = Debug|Any CPU
		Release|Any CPU = Release|Any CPU
	EndGlobalSection
	GlobalSection(ProjectConfigurationPlatforms) = postSolution
		{9AA2DCC8-3EE1-4158-8032-9A9D600C9A33}.Debug|Any CPU.ActiveCfg = Debug|Any CPU
		{9AA2DCC8-3EE1-4158-8032-9A9D600C9A33}.Debug|Any CPU.Build.0 = Debug|Any CPU
		{9AA2DCC8-3EE1-4158-8032-9A9D600C9A33}.Release|Any CPU.ActiveCfg = Release|Any CPU
		{9AA2DCC8-3EE1-4158-8032-9A9D600C9A33}.Release|Any CPU.Build.0 = Release|Any CPU
		{E6F683B4-CEAA-4342-9B62-2ECA005927F8}.Debug|Any CPU.ActiveCfg = Debug|Any CPU
		{E6F683B4-CEAA-4342-9B62-2ECA005927F8}.Debug|Any CPU.Build.0 = Debug|Any CPU
		{E6F683B4-CEAA-4342-9B62-2ECA005927F8}.Release|Any CPU.ActiveCfg = Release|Any CPU
		{E6F683B4-CEAA-4342-9B62-2ECA005927F8}.Release|Any CPU.Build.0 = Release|Any CPU
	EndGlobalSection
	GlobalSection(SolutionProperties) = preSolution
		HideSolutionNode = FALSE
	EndGlobalSection
EndGlobal
